// !$*UTF8*$!
{
	archiveVersion = 1;
	classes = {
	};
	objectVersion = 50;
	objects = {

/* Begin PBXBuildFile section */
		370EC55525CA317234C4FE1C /* Pods_HeartBeat.framework in Frameworks */ = {isa = PBXBuildFile; fileRef = E565D7D1B17EC0D686DCBDAF /* Pods_HeartBeat.framework */; };
		5E096E382145F77A003402EA /* MainView.swift in Sources */ = {isa = PBXBuildFile; fileRef = 5E096E372145F77A003402EA /* MainView.swift */; };
		5E25DBC8215EC1CF00DDDFA7 /* AEDView.swift in Sources */ = {isa = PBXBuildFile; fileRef = 5E25DBC7215EC1CF00DDDFA7 /* AEDView.swift */; };
		5E7AFD6F2144091B00D58033 /* GoogleService-Info.plist in Resources */ = {isa = PBXBuildFile; fileRef = 5E7AFD6E2144091A00D58033 /* GoogleService-Info.plist */; };
		5E7AFD7121440BCB00D58033 /* RoundButton.swift in Sources */ = {isa = PBXBuildFile; fileRef = 5E7AFD7021440BCB00D58033 /* RoundButton.swift */; };
		5EFE1B8A214404AA006BE059 /* AppDelegate.swift in Sources */ = {isa = PBXBuildFile; fileRef = 5EFE1B89214404AA006BE059 /* AppDelegate.swift */; };
		5EFE1B8C214404AA006BE059 /* ViewController.swift in Sources */ = {isa = PBXBuildFile; fileRef = 5EFE1B8B214404AA006BE059 /* ViewController.swift */; };
		5EFE1B8F214404AA006BE059 /* Main.storyboard in Resources */ = {isa = PBXBuildFile; fileRef = 5EFE1B8D214404AA006BE059 /* Main.storyboard */; };
		5EFE1B91214404AC006BE059 /* Assets.xcassets in Resources */ = {isa = PBXBuildFile; fileRef = 5EFE1B90214404AC006BE059 /* Assets.xcassets */; };
		5EFE1B94214404AC006BE059 /* LaunchScreen.storyboard in Resources */ = {isa = PBXBuildFile; fileRef = 5EFE1B92214404AC006BE059 /* LaunchScreen.storyboard */; };
/* End PBXBuildFile section */

/* Begin PBXFileReference section */
		5E096E372145F77A003402EA /* MainView.swift */ = {isa = PBXFileReference; lastKnownFileType = sourcecode.swift; path = MainView.swift; sourceTree = "<group>"; };
		5E25DBC7215EC1CF00DDDFA7 /* AEDView.swift */ = {isa = PBXFileReference; lastKnownFileType = sourcecode.swift; path = AEDView.swift; sourceTree = "<group>"; };
		5E7AFD6E2144091A00D58033 /* GoogleService-Info.plist */ = {isa = PBXFileReference; fileEncoding = 4; lastKnownFileType = text.plist.xml; path = "GoogleService-Info.plist"; sourceTree = "<group>"; };
		5E7AFD7021440BCB00D58033 /* RoundButton.swift */ = {isa = PBXFileReference; fileEncoding = 4; lastKnownFileType = sourcecode.swift; path = RoundButton.swift; sourceTree = "<group>"; };
		5EEFCF2C216253C2001B0FA3 /* MyPlayground.playground */ = {isa = PBXFileReference; lastKnownFileType = file.playground; path = MyPlayground.playground; sourceTree = "<group>"; xcLanguageSpecificationIdentifier = xcode.lang.swift; };
		5EFE1B86214404AA006BE059 /* HeartBeat.app */ = {isa = PBXFileReference; explicitFileType = wrapper.application; includeInIndex = 0; path = HeartBeat.app; sourceTree = BUILT_PRODUCTS_DIR; };
		5EFE1B89214404AA006BE059 /* AppDelegate.swift */ = {isa = PBXFileReference; lastKnownFileType = sourcecode.swift; path = AppDelegate.swift; sourceTree = "<group>"; };
		5EFE1B8B214404AA006BE059 /* ViewController.swift */ = {isa = PBXFileReference; lastKnownFileType = sourcecode.swift; path = ViewController.swift; sourceTree = "<group>"; };
		5EFE1B8E214404AA006BE059 /* Base */ = {isa = PBXFileReference; lastKnownFileType = file.storyboard; name = Base; path = Base.lproj/Main.storyboard; sourceTree = "<group>"; };
		5EFE1B90214404AC006BE059 /* Assets.xcassets */ = {isa = PBXFileReference; lastKnownFileType = folder.assetcatalog; path = Assets.xcassets; sourceTree = "<group>"; };
		5EFE1B93214404AC006BE059 /* Base */ = {isa = PBXFileReference; lastKnownFileType = file.storyboard; name = Base; path = Base.lproj/LaunchScreen.storyboard; sourceTree = "<group>"; };
		5EFE1B95214404AC006BE059 /* Info.plist */ = {isa = PBXFileReference; lastKnownFileType = text.plist.xml; path = Info.plist; sourceTree = "<group>"; };
		8A15923E8E21C66EFADBFDA7 /* Pods-HeartBeat.release.xcconfig */ = {isa = PBXFileReference; includeInIndex = 1; lastKnownFileType = text.xcconfig; name = "Pods-HeartBeat.release.xcconfig"; path = "Pods/Target Support Files/Pods-HeartBeat/Pods-HeartBeat.release.xcconfig"; sourceTree = "<group>"; };
		C69519D2711C8D58C9F78747 /* Pods-HeartBeat.debug.xcconfig */ = {isa = PBXFileReference; includeInIndex = 1; lastKnownFileType = text.xcconfig; name = "Pods-HeartBeat.debug.xcconfig"; path = "Pods/Target Support Files/Pods-HeartBeat/Pods-HeartBeat.debug.xcconfig"; sourceTree = "<group>"; };
		E565D7D1B17EC0D686DCBDAF /* Pods_HeartBeat.framework */ = {isa = PBXFileReference; explicitFileType = wrapper.framework; includeInIndex = 0; path = Pods_HeartBeat.framework; sourceTree = BUILT_PRODUCTS_DIR; };
/* End PBXFileReference section */

/* Begin PBXFrameworksBuildPhase section */
		5EFE1B83214404AA006BE059 /* Frameworks */ = {
			isa = PBXFrameworksBuildPhase;
			buildActionMask = 2147483647;
			files = (
				370EC55525CA317234C4FE1C /* Pods_HeartBeat.framework in Frameworks */,
			);
			runOnlyForDeploymentPostprocessing = 0;
		};
/* End PBXFrameworksBuildPhase section */

/* Begin PBXGroup section */
		5EFE1B7D214404AA006BE059 = {
			isa = PBXGroup;
			children = (
				5EEFCF2C216253C2001B0FA3 /* MyPlayground.playground */,
				5EFE1B88214404AA006BE059 /* HeartBeat */,
				5EFE1B87214404AA006BE059 /* Products */,
				9166A8BA651627E6165EE659 /* Pods */,
				7CC5EB5070E4FDA7DE527736 /* Frameworks */,
			);
			sourceTree = "<group>";
		};
		5EFE1B87214404AA006BE059 /* Products */ = {
			isa = PBXGroup;
			children = (
				5EFE1B86214404AA006BE059 /* HeartBeat.app */,
			);
			name = Products;
			sourceTree = "<group>";
		};
		5EFE1B88214404AA006BE059 /* HeartBeat */ = {
			isa = PBXGroup;
			children = (
				5EFE1B89214404AA006BE059 /* AppDelegate.swift */,
				5E096E372145F77A003402EA /* MainView.swift */,
				5EFE1B8B214404AA006BE059 /* ViewController.swift */,
				5EFE1B8D214404AA006BE059 /* Main.storyboard */,
				5E7AFD6E2144091A00D58033 /* GoogleService-Info.plist */,
				5EFE1B90214404AC006BE059 /* Assets.xcassets */,
				5EFE1B92214404AC006BE059 /* LaunchScreen.storyboard */,
				5EFE1B95214404AC006BE059 /* Info.plist */,
				5E7AFD7021440BCB00D58033 /* RoundButton.swift */,
				5E25DBC7215EC1CF00DDDFA7 /* AEDView.swift */,
			);
			path = HeartBeat;
			sourceTree = "<group>";
		};
		7CC5EB5070E4FDA7DE527736 /* Frameworks */ = {
			isa = PBXGroup;
			children = (
				E565D7D1B17EC0D686DCBDAF /* Pods_HeartBeat.framework */,
			);
			name = Frameworks;
			sourceTree = "<group>";
		};
		9166A8BA651627E6165EE659 /* Pods */ = {
			isa = PBXGroup;
			children = (
				C69519D2711C8D58C9F78747 /* Pods-HeartBeat.debug.xcconfig */,
				8A15923E8E21C66EFADBFDA7 /* Pods-HeartBeat.release.xcconfig */,
			);
			name = Pods;
			sourceTree = "<group>";
		};
/* End PBXGroup section */

/* Begin PBXNativeTarget section */
		5EFE1B85214404AA006BE059 /* HeartBeat */ = {
			isa = PBXNativeTarget;
			buildConfigurationList = 5EFE1B98214404AC006BE059 /* Build configuration list for PBXNativeTarget "HeartBeat" */;
			buildPhases = (
				E7A309E5E598A23DF9303612 /* [CP] Check Pods Manifest.lock */,
				5EFE1B82214404AA006BE059 /* Sources */,
				5EFE1B83214404AA006BE059 /* Frameworks */,
				5EFE1B84214404AA006BE059 /* Resources */,
				EBD668FE84B755891B5664A7 /* [CP] Embed Pods Frameworks */,
			);
			buildRules = (
			);
			dependencies = (
			);
			name = HeartBeat;
			productName = HeartBeat;
			productReference = 5EFE1B86214404AA006BE059 /* HeartBeat.app */;
			productType = "com.apple.product-type.application";
		};
/* End PBXNativeTarget section */

/* Begin PBXProject section */
		5EFE1B7E214404AA006BE059 /* Project object */ = {
			isa = PBXProject;
			attributes = {
				LastSwiftUpdateCheck = 1000;
				LastUpgradeCheck = 1000;
				ORGANIZATIONNAME = "Jake Charron";
				TargetAttributes = {
					5EFE1B85214404AA006BE059 = {
						CreatedOnToolsVersion = 10.0;
					};
				};
			};
			buildConfigurationList = 5EFE1B81214404AA006BE059 /* Build configuration list for PBXProject "HeartBeat" */;
			compatibilityVersion = "Xcode 9.3";
			developmentRegion = en;
			hasScannedForEncodings = 0;
			knownRegions = (
				en,
				Base,
			);
			mainGroup = 5EFE1B7D214404AA006BE059;
			productRefGroup = 5EFE1B87214404AA006BE059 /* Products */;
			projectDirPath = "";
			projectRoot = "";
			targets = (
				5EFE1B85214404AA006BE059 /* HeartBeat */,
			);
		};
/* End PBXProject section */

/* Begin PBXResourcesBuildPhase section */
		5EFE1B84214404AA006BE059 /* Resources */ = {
			isa = PBXResourcesBuildPhase;
			buildActionMask = 2147483647;
			files = (
				5EFE1B94214404AC006BE059 /* LaunchScreen.storyboard in Resources */,
				5E7AFD6F2144091B00D58033 /* GoogleService-Info.plist in Resources */,
				5EFE1B91214404AC006BE059 /* Assets.xcassets in Resources */,
				5EFE1B8F214404AA006BE059 /* Main.storyboard in Resources */,
			);
			runOnlyForDeploymentPostprocessing = 0;
		};
/* End PBXResourcesBuildPhase section */

/* Begin PBXShellScriptBuildPhase section */
		E7A309E5E598A23DF9303612 /* [CP] Check Pods Manifest.lock */ = {
			isa = PBXShellScriptBuildPhase;
			buildActionMask = 2147483647;
			files = (
			);
			inputPaths = (
				"${PODS_PODFILE_DIR_PATH}/Podfile.lock",
				"${PODS_ROOT}/Manifest.lock",
			);
			name = "[CP] Check Pods Manifest.lock";
			outputPaths = (
				"$(DERIVED_FILE_DIR)/Pods-HeartBeat-checkManifestLockResult.txt",
			);
			runOnlyForDeploymentPostprocessing = 0;
			shellPath = /bin/sh;
			shellScript = "diff \"${PODS_PODFILE_DIR_PATH}/Podfile.lock\" \"${PODS_ROOT}/Manifest.lock\" > /dev/null\nif [ $? != 0 ] ; then\n    # print error to STDERR\n    echo \"error: The sandbox is not in sync with the Podfile.lock. Run 'pod install' or update your CocoaPods installation.\" >&2\n    exit 1\nfi\n# This output is used by Xcode 'outputs' to avoid re-running this script phase.\necho \"SUCCESS\" > \"${SCRIPT_OUTPUT_FILE_0}\"\n";
			showEnvVarsInLog = 0;
		};
		EBD668FE84B755891B5664A7 /* [CP] Embed Pods Frameworks */ = {
			isa = PBXShellScriptBuildPhase;
			buildActionMask = 2147483647;
			files = (
			);
			inputPaths = (
				"${SRCROOT}/Pods/Target Support Files/Pods-HeartBeat/Pods-HeartBeat-frameworks.sh",
				"${BUILT_PRODUCTS_DIR}/GTMSessionFetcher/GTMSessionFetcher.framework",
				"${BUILT_PRODUCTS_DIR}/GoogleUtilities/GoogleUtilities.framework",
				"${BUILT_PRODUCTS_DIR}/leveldb-library/leveldb.framework",
				"${BUILT_PRODUCTS_DIR}/nanopb/nanopb.framework",
			);
			name = "[CP] Embed Pods Frameworks";
			outputPaths = (
				"${TARGET_BUILD_DIR}/${FRAMEWORKS_FOLDER_PATH}/GTMSessionFetcher.framework",
				"${TARGET_BUILD_DIR}/${FRAMEWORKS_FOLDER_PATH}/GoogleUtilities.framework",
				"${TARGET_BUILD_DIR}/${FRAMEWORKS_FOLDER_PATH}/leveldb.framework",
				"${TARGET_BUILD_DIR}/${FRAMEWORKS_FOLDER_PATH}/nanopb.framework",
			);
			runOnlyForDeploymentPostprocessing = 0;
			shellPath = /bin/sh;
			shellScript = "\"${SRCROOT}/Pods/Target Support Files/Pods-HeartBeat/Pods-HeartBeat-frameworks.sh\"\n";
			showEnvVarsInLog = 0;
		};
/* End PBXShellScriptBuildPhase section */

/* Begin PBXSourcesBuildPhase section */
		5EFE1B82214404AA006BE059 /* Sources */ = {
			isa = PBXSourcesBuildPhase;
			buildActionMask = 2147483647;
			files = (
				5E7AFD7121440BCB00D58033 /* RoundButton.swift in Sources */,
				5E096E382145F77A003402EA /* MainView.swift in Sources */,
				5EFE1B8C214404AA006BE059 /* ViewController.swift in Sources */,
				5E25DBC8215EC1CF00DDDFA7 /* AEDView.swift in Sources */,
				5EFE1B8A214404AA006BE059 /* AppDelegate.swift in Sources */,
			);
			runOnlyForDeploymentPostprocessing = 0;
		};
/* End PBXSourcesBuildPhase section */

/* Begin PBXVariantGroup section */
		5EFE1B8D214404AA006BE059 /* Main.storyboard */ = {
			isa = PBXVariantGroup;
			children = (
				5EFE1B8E214404AA006BE059 /* Base */,
			);
			name = Main.storyboard;
			sourceTree = "<group>";
		};
		5EFE1B92214404AC006BE059 /* LaunchScreen.storyboard */ = {
			isa = PBXVariantGroup;
			children = (
				5EFE1B93214404AC006BE059 /* Base */,
			);
			name = LaunchScreen.storyboard;
			sourceTree = "<group>";
		};
/* End PBXVariantGroup section */

/* Begin XCBuildConfiguration section */
		5EFE1B96214404AC006BE059 /* Debug */ = {
			isa = XCBuildConfiguration;
			buildSettings = {
				ALWAYS_SEARCH_USER_PATHS = NO;
				CLANG_ANALYZER_NONNULL = YES;
				CLANG_ANALYZER_NUMBER_OBJECT_CONVERSION = YES_AGGRESSIVE;
				CLANG_CXX_LANGUAGE_STANDARD = "gnu++14";
				CLANG_CXX_LIBRARY = "libc++";
				CLANG_ENABLE_MODULES = YES;
				CLANG_ENABLE_OBJC_ARC = YES;
				CLANG_ENABLE_OBJC_WEAK = YES;
				CLANG_WARN_BLOCK_CAPTURE_AUTORELEASING = YES;
				CLANG_WARN_BOOL_CONVERSION = YES;
				CLANG_WARN_COMMA = YES;
				CLANG_WARN_CONSTANT_CONVERSION = YES;
				CLANG_WARN_DEPRECATED_OBJC_IMPLEMENTATIONS = YES;
				CLANG_WARN_DIRECT_OBJC_ISA_USAGE = YES_ERROR;
				CLANG_WARN_DOCUMENTATION_COMMENTS = YES;
				CLANG_WARN_EMPTY_BODY = YES;
				CLANG_WARN_ENUM_CONVERSION = YES;
				CLANG_WARN_INFINITE_RECURSION = YES;
				CLANG_WARN_INT_CONVERSION = YES;
				CLANG_WARN_NON_LITERAL_NULL_CONVERSION = YES;
				CLANG_WARN_OBJC_IMPLICIT_RETAIN_SELF = YES;
				CLANG_WARN_OBJC_LITERAL_CONVERSION = YES;
				CLANG_WARN_OBJC_ROOT_CLASS = YES_ERROR;
				CLANG_WARN_RANGE_LOOP_ANALYSIS = YES;
				CLANG_WARN_STRICT_PROTOTYPES = YES;
				CLANG_WARN_SUSPICIOUS_MOVE = YES;
				CLANG_WARN_UNGUARDED_AVAILABILITY = YES_AGGRESSIVE;
				CLANG_WARN_UNREACHABLE_CODE = YES;
				CLANG_WARN__DUPLICATE_METHOD_MATCH = YES;
				CODE_SIGN_IDENTITY = "iPhone Developer";
				COPY_PHASE_STRIP = NO;
				DEBUG_INFORMATION_FORMAT = dwarf;
				ENABLE_STRICT_OBJC_MSGSEND = YES;
				ENABLE_TESTABILITY = YES;
				GCC_C_LANGUAGE_STANDARD = gnu11;
				GCC_DYNAMIC_NO_PIC = NO;
				GCC_NO_COMMON_BLOCKS = YES;
				GCC_OPTIMIZATION_LEVEL = 0;
				GCC_PREPROCESSOR_DEFINITIONS = (
					"DEBUG=1",
					"$(inherited)",
				);
				GCC_WARN_64_TO_32_BIT_CONVERSION = YES;
				GCC_WARN_ABOUT_RETURN_TYPE = YES_ERROR;
				GCC_WARN_UNDECLARED_SELECTOR = YES;
				GCC_WARN_UNINITIALIZED_AUTOS = YES_AGGRESSIVE;
				GCC_WARN_UNUSED_FUNCTION = YES;
				GCC_WARN_UNUSED_VARIABLE = YES;
				IPHONEOS_DEPLOYMENT_TARGET = 12.0;
				MTL_ENABLE_DEBUG_INFO = INCLUDE_SOURCE;
				MTL_FAST_MATH = YES;
				ONLY_ACTIVE_ARCH = YES;
				SDKROOT = iphoneos;
				SWIFT_ACTIVE_COMPILATION_CONDITIONS = DEBUG;
				SWIFT_OPTIMIZATION_LEVEL = "-Onone";
			};
			name = Debug;
		};
		5EFE1B97214404AC006BE059 /* Release */ = {
			isa = XCBuildConfiguration;
			buildSettings = {
				ALWAYS_SEARCH_USER_PATHS = NO;
				CLANG_ANALYZER_NONNULL = YES;
				CLANG_ANALYZER_NUMBER_OBJECT_CONVERSION = YES_AGGRESSIVE;
				CLANG_CXX_LANGUAGE_STANDARD = "gnu++14";
				CLANG_CXX_LIBRARY = "libc++";
				CLANG_ENABLE_MODULES = YES;
				CLANG_ENABLE_OBJC_ARC = YES;
				CLANG_ENABLE_OBJC_WEAK = YES;
				CLANG_WARN_BLOCK_CAPTURE_AUTORELEASING = YES;
				CLANG_WARN_BOOL_CONVERSION = YES;
				CLANG_WARN_COMMA = YES;
				CLANG_WARN_CONSTANT_CONVERSION = YES;
				CLANG_WARN_DEPRECATED_OBJC_IMPLEMENTATIONS = YES;
				CLANG_WARN_DIRECT_OBJC_ISA_USAGE = YES_ERROR;
				CLANG_WARN_DOCUMENTATION_COMMENTS = YES;
				CLANG_WARN_EMPTY_BODY = YES;
				CLANG_WARN_ENUM_CONVERSION = YES;
				CLANG_WARN_INFINITE_RECURSION = YES;
				CLANG_WARN_INT_CONVERSION = YES;
				CLANG_WARN_NON_LITERAL_NULL_CONVERSION = YES;
				CLANG_WARN_OBJC_IMPLICIT_RETAIN_SELF = YES;
				CLANG_WARN_OBJC_LITERAL_CONVERSION = YES;
				CLANG_WARN_OBJC_ROOT_CLASS = YES_ERROR;
				CLANG_WARN_RANGE_LOOP_ANALYSIS = YES;
				CLANG_WARN_STRICT_PROTOTYPES = YES;
				CLANG_WARN_SUSPICIOUS_MOVE = YES;
				CLANG_WARN_UNGUARDED_AVAILABILITY = YES_AGGRESSIVE;
				CLANG_WARN_UNREACHABLE_CODE = YES;
				CLANG_WARN__DUPLICATE_METHOD_MATCH = YES;
				CODE_SIGN_IDENTITY = "iPhone Developer";
				COPY_PHASE_STRIP = NO;
				DEBUG_INFORMATION_FORMAT = "dwarf-with-dsym";
				ENABLE_NS_ASSERTIONS = NO;
				ENABLE_STRICT_OBJC_MSGSEND = YES;
				GCC_C_LANGUAGE_STANDARD = gnu11;
				GCC_NO_COMMON_BLOCKS = YES;
				GCC_WARN_64_TO_32_BIT_CONVERSION = YES;
				GCC_WARN_ABOUT_RETURN_TYPE = YES_ERROR;
				GCC_WARN_UNDECLARED_SELECTOR = YES;
				GCC_WARN_UNINITIALIZED_AUTOS = YES_AGGRESSIVE;
				GCC_WARN_UNUSED_FUNCTION = YES;
				GCC_WARN_UNUSED_VARIABLE = YES;
				IPHONEOS_DEPLOYMENT_TARGET = 12.0;
				MTL_ENABLE_DEBUG_INFO = NO;
				MTL_FAST_MATH = YES;
				SDKROOT = iphoneos;
				SWIFT_COMPILATION_MODE = wholemodule;
				SWIFT_OPTIMIZATION_LEVEL = "-O";
				VALIDATE_PRODUCT = YES;
			};
			name = Release;
		};
		5EFE1B99214404AC006BE059 /* Debug */ = {
			isa = XCBuildConfiguration;
			baseConfigurationReference = C69519D2711C8D58C9F78747 /* Pods-HeartBeat.debug.xcconfig */;
			buildSettings = {
				ASSETCATALOG_COMPILER_APPICON_NAME = AppIcon;
				CODE_SIGN_STYLE = Automatic;
				DEVELOPMENT_TEAM = 96ZG574CZ9;
				INFOPLIST_FILE = HeartBeat/Info.plist;
				IPHONEOS_DEPLOYMENT_TARGET = 12.0;
				LD_RUNPATH_SEARCH_PATHS = (
					"$(inherited)",
					"@executable_path/Frameworks",
				);
				PRODUCT_BUNDLE_IDENTIFIER = com.Charron.HeartBeat;
				PRODUCT_NAME = "$(TARGET_NAME)";
				SWIFT_VERSION = 4.2;
				TARGETED_DEVICE_FAMILY = 1;
			};
			name = Debug;
		};
		5EFE1B9A214404AC006BE059 /* Release */ = {
			isa = XCBuildConfiguration;
			baseConfigurationReference = 8A15923E8E21C66EFADBFDA7 /* Pods-HeartBeat.release.xcconfig */;
			buildSettings = {
				ASSETCATALOG_COMPILER_APPICON_NAME = AppIcon;
				CODE_SIGN_STYLE = Automatic;
				DEVELOPMENT_TEAM = 96ZG574CZ9;
				INFOPLIST_FILE = HeartBeat/Info.plist;
				IPHONEOS_DEPLOYMENT_TARGET = 12.0;
				LD_RUNPATH_SEARCH_PATHS = (
					"$(inherited)",
					"@executable_path/Frameworks",
				);
				PRODUCT_BUNDLE_IDENTIFIER = com.Charron.HeartBeat;
				PRODUCT_NAME = "$(TARGET_NAME)";
				SWIFT_VERSION = 4.2;
				TARGETED_DEVICE_FAMILY = 1;
			};
			name = Release;
		};
/* End XCBuildConfiguration section */

/* Begin XCConfigurationList section */
		5EFE1B81214404AA006BE059 /* Build configuration list for PBXProject "HeartBeat" */ = {
			isa = XCConfigurationList;
			buildConfigurations = (
				5EFE1B96214404AC006BE059 /* Debug */,
				5EFE1B97214404AC006BE059 /* Release */,
			);
			defaultConfigurationIsVisible = 0;
			defaultConfigurationName = Release;
		};
		5EFE1B98214404AC006BE059 /* Build configuration list for PBXNativeTarget "HeartBeat" */ = {
			isa = XCConfigurationList;
			buildConfigurations = (
				5EFE1B99214404AC006BE059 /* Debug */,
				5EFE1B9A214404AC006BE059 /* Release */,
			);
			defaultConfigurationIsVisible = 0;
			defaultConfigurationName = Release;
		};
/* End XCConfigurationList section */
	};
	rootObject = 5EFE1B7E214404AA006BE059 /* Project object */;
}
